
Microsoft Visual Studio Solution File, Format Version 12.00
# Visual Studio Version 16
VisualStudioVersion = 16.0.31205.134
MinimumVisualStudioVersion = 10.0.40219.1
Project("{8BC9CEB8-8B4A-11D0-8D11-00A0C91BC942}") = "MazeGame", "MazeGame\MazeGame.vcxproj", "{A2214660-0A64-4167-A7C0-DF706C9EEEE7}"
EndProject
Global
	GlobalSection(SolutionConfigurationPlatforms) = preSolution
		Debug|x64 = Debug|x64
		Debug|x86 = Debug|x86
		Release|x64 = Release|x64
		Release|x86 = Release|x86
	EndGlobalSection
	GlobalSection(ProjectConfigurationPlatforms) = postSolution
		{A2214660-0A64-4167-A7C0-DF706C9EEEE7}.Debug|x64.ActiveCfg = Debug|x64
		{A2214660-0A64-4167-A7C0-DF706C9EEEE7}.Debug|x64.Build.0 = Debug|x64
		{A2214660-0A64-4167-A7C0-DF706C9EEEE7}.Debug|x86.ActiveCfg = Debug|Win32
		{A2214660-0A64-4167-A7C0-DF706C9EEEE7}.Debug|x86.Build.0 = Debug|Win32
		{A2214660-0A64-4167-A7C0-DF706C9EEEE7}.Release|x64.ActiveCfg = Release|x64
		{A2214660-0A64-4167-A7C0-DF706C9EEEE7}.Release|x64.Build.0 = Release|x64
		{A2214660-0A64-4167-A7C0-DF706C9EEEE7}.Release|x86.ActiveCfg = Release|Win32
		{A2214660-0A64-4167-A7C0-DF706C9EEEE7}.Release|x86.Build.0 = Release|Win32
	EndGlobalSection
	GlobalSection(SolutionProperties) = preSolution
		HideSolutionNode = FALSE
	EndGlobalSection
	GlobalSection(ExtensibilityGlobals) = postSolution
		SolutionGuid = {F8BD343D-E90B-480F-9D0D-76E60F4F245E}
	EndGlobalSection
EndGlobal
