
Microsoft Visual Studio Solution File, Format Version 12.00
# Visual Studio Version 17
VisualStudioVersion = 17.0.32014.148
MinimumVisualStudioVersion = 10.0.40219.1
Project("{FAE04EC0-301F-11D3-BF4B-00C04F79EFBC}") = "Spy", "Spy.csproj", "{0C94D932-3B73-4456-AD52-77997003AD72}"
EndProject
Global
	GlobalSection(SolutionConfigurationPlatforms) = preSolution
		Debug|Any CPU = Debug|Any CPU
		Release|Any CPU = Release|Any CPU
	EndGlobalSection
	GlobalSection(ProjectConfigurationPlatforms) = postSolution
		{0C94D932-3B73-4456-AD52-77997003AD72}.Debug|Any CPU.ActiveCfg = Debug|Any CPU
		{0C94D932-3B73-4456-AD52-77997003AD72}.Debug|Any CPU.Build.0 = Debug|Any CPU
		{0C94D932-3B73-4456-AD52-77997003AD72}.Release|Any CPU.ActiveCfg = Release|Any CPU
		{0C94D932-3B73-4456-AD52-77997003AD72}.Release|Any CPU.Build.0 = Release|Any CPU
	EndGlobalSection
	GlobalSection(SolutionProperties) = preSolution
		HideSolutionNode = FALSE
	EndGlobalSection
	GlobalSection(ExtensibilityGlobals) = postSolution
		SolutionGuid = {530F28CA-8BF9-4EF3-80D5-49DD18B9622F}
	EndGlobalSection
EndGlobal
