
Microsoft Visual Studio Solution File, Format Version 12.00
# Visual Studio Version 17
VisualStudioVersion = 17.0.32014.148
MinimumVisualStudioVersion = 10.0.40219.1
Project("{FAE04EC0-301F-11D3-BF4B-00C04F79EFBC}") = "Forbidden Words", "Forbidden Words.csproj", "{683A102C-A95E-4551-9A08-F839969391E7}"
EndProject
Global
	GlobalSection(SolutionConfigurationPlatforms) = preSolution
		Debug|Any CPU = Debug|Any CPU
		Release|Any CPU = Release|Any CPU
	EndGlobalSection
	GlobalSection(ProjectConfigurationPlatforms) = postSolution
		{683A102C-A95E-4551-9A08-F839969391E7}.Debug|Any CPU.ActiveCfg = Debug|Any CPU
		{683A102C-A95E-4551-9A08-F839969391E7}.Debug|Any CPU.Build.0 = Debug|Any CPU
		{683A102C-A95E-4551-9A08-F839969391E7}.Release|Any CPU.ActiveCfg = Release|Any CPU
		{683A102C-A95E-4551-9A08-F839969391E7}.Release|Any CPU.Build.0 = Release|Any CPU
	EndGlobalSection
	GlobalSection(SolutionProperties) = preSolution
		HideSolutionNode = FALSE
	EndGlobalSection
	GlobalSection(ExtensibilityGlobals) = postSolution
		SolutionGuid = {0A75CF4B-AC5C-4AD5-9051-A8573DB89A71}
	EndGlobalSection
EndGlobal
